
Microsoft Visual Studio Solution File, Format Version 12.00
# Visual Studio Version 17
VisualStudioVersion = 17.3.32929.385
MinimumVisualStudioVersion = 10.0.40219.1
Project("{FAE04EC0-301F-11D3-BF4B-00C04F79EFBC}") = "Taxi", "Taxi\Taxi.csproj", "{7EBB31FA-BCAE-4A32-B686-3E7B6BCF186C}"
EndProject
Global
	GlobalSection(SolutionConfigurationPlatforms) = preSolution
		Debug|Any CPU = Debug|Any CPU
		Release|Any CPU = Release|Any CPU
	EndGlobalSection
	GlobalSection(ProjectConfigurationPlatforms) = postSolution
		{7EBB31FA-BCAE-4A32-B686-3E7B6BCF186C}.Debug|Any CPU.ActiveCfg = Debug|Any CPU
		{7EBB31FA-BCAE-4A32-B686-3E7B6BCF186C}.Debug|Any CPU.Build.0 = Debug|Any CPU
		{7EBB31FA-BCAE-4A32-B686-3E7B6BCF186C}.Release|Any CPU.ActiveCfg = Release|Any CPU
		{7EBB31FA-BCAE-4A32-B686-3E7B6BCF186C}.Release|Any CPU.Build.0 = Release|Any CPU
	EndGlobalSection
	GlobalSection(SolutionProperties) = preSolution
		HideSolutionNode = FALSE
	EndGlobalSection
	GlobalSection(ExtensibilityGlobals) = postSolution
		SolutionGuid = {778D230F-28CD-47E1-A811-3F41DA07910D}
	EndGlobalSection
EndGlobal
